
Microsoft Visual Studio Solution File, Format Version 12.00
# Visual Studio 14
VisualStudioVersion = 14.0.25123.0
MinimumVisualStudioVersion = 10.0.40219.1
Project("{00D1A9C2-B5F0-4AF3-8072-F6C62B433612}") = "M3.Database", "M3.Database.sqlproj", "{B3F11E01-5B64-420E-A513-BDFB85FED66C}"
EndProject
Global
	GlobalSection(SolutionConfigurationPlatforms) = preSolution
		Debug|Any CPU = Debug|Any CPU
		Release|Any CPU = Release|Any CPU
	EndGlobalSection
	GlobalSection(ProjectConfigurationPlatforms) = postSolution
		{B3F11E01-5B64-420E-A513-BDFB85FED66C}.Debug|Any CPU.ActiveCfg = Debug|Any CPU
		{B3F11E01-5B64-420E-A513-BDFB85FED66C}.Debug|Any CPU.Build.0 = Debug|Any CPU
		{B3F11E01-5B64-420E-A513-BDFB85FED66C}.Debug|Any CPU.Deploy.0 = Debug|Any CPU
		{B3F11E01-5B64-420E-A513-BDFB85FED66C}.Release|Any CPU.ActiveCfg = Release|Any CPU
		{B3F11E01-5B64-420E-A513-BDFB85FED66C}.Release|Any CPU.Build.0 = Release|Any CPU
		{B3F11E01-5B64-420E-A513-BDFB85FED66C}.Release|Any CPU.Deploy.0 = Release|Any CPU
	EndGlobalSection
	GlobalSection(SolutionProperties) = preSolution
		HideSolutionNode = FALSE
	EndGlobalSection
EndGlobal
